
Microsoft Visual Studio Solution File, Format Version 12.00
# Visual Studio 2015
Project("{FAE04EC0-301F-11D3-BF4B-00C04F79EFBC}") = "Assembly-CSharp", "Assembly-CSharp.csproj", "{FEF4FB19-5D1B-F932-4FE9-73A0D0E5B8EC}"
EndProject
Global
	GlobalSection(SolutionConfigurationPlatforms) = preSolution
		Debug|Any CPU = Debug|Any CPU
		Release|Any CPU = Release|Any CPU
	EndGlobalSection
	GlobalSection(ProjectConfigurationPlatforms) = postSolution
		{FEF4FB19-5D1B-F932-4FE9-73A0D0E5B8EC}.Debug|Any CPU.ActiveCfg = Debug|Any CPU
		{FEF4FB19-5D1B-F932-4FE9-73A0D0E5B8EC}.Debug|Any CPU.Build.0 = Debug|Any CPU
		{FEF4FB19-5D1B-F932-4FE9-73A0D0E5B8EC}.Release|Any CPU.ActiveCfg = Release|Any CPU
		{FEF4FB19-5D1B-F932-4FE9-73A0D0E5B8EC}.Release|Any CPU.Build.0 = Release|Any CPU
	EndGlobalSection
	GlobalSection(SolutionProperties) = preSolution
		HideSolutionNode = FALSE
	EndGlobalSection
EndGlobal
